{
    "_readme": [
        "This file locks the dependencies of your project to a known state",
        "Read more about it at https://getcomposer.org/doc/01-basic-usage.md#installing-dependencies",
        "This file is @generated automatically"
    ],
    "content-hash": "3c2af7900f24d47ced9900cbb0a1bdcd",
    "packages": [
        {
            "name": "websk/php-config",
            "version": "1.0.2",
            "source": {
                "type": "git",
                "url": "https://github.com/websk/php-config.git",
                "reference": "806f75eafc1536c2543f383875503f12c72bcfe3"
            },
            "dist": {
                "type": "zip",
                "url": "https://api.github.com/repos/websk/php-config/zipball/806f75eafc1536c2543f383875503f12c72bcfe3",
                "reference": "806f75eafc1536c2543f383875503f12c72bcfe3",
                "shasum": ""
            },
            "type": "library",
            "autoload": {
                "psr-4": {
                    "": "src/"
                }
            },
            "notification-url": "https://packagist.org/downloads/",
            "description": "PHP configs wrapper",
            "homepage": "https://websk.ru/",
            "time": "2018-12-03T15:24:53+00:00"
        },
        {
            "name": "websk/php-utils",
            "version": "1.0.3",
            "source": {
                "type": "git",
                "url": "https://github.com/websk/php-utils.git",
                "reference": "7e5136c23902e1433f04ad5d7bf6059d9206ee57"
            },
            "dist": {
                "type": "zip",
                "url": "https://api.github.com/repos/websk/php-utils/zipball/7e5136c23902e1433f04ad5d7bf6059d9206ee57",
                "reference": "7e5136c23902e1433f04ad5d7bf6059d9206ee57",
                "shasum": ""
            },
            "require": {
                "websk/php-config": "1.0.*"
            },
            "type": "library",
            "autoload": {
                "psr-4": {
                    "": "src/"
                }
            },
            "notification-url": "https://packagist.org/downloads/",
            "time": "2019-01-13T16:51:35+00:00"
        }
    ],
    "packages-dev": [],
    "aliases": [],
    "minimum-stability": "stable",
    "stability-flags": [],
    "prefer-stable": false,
    "prefer-lowest": false,
    "platform": {
        "ext-xmlwriter": "*"
    },
    "platform-dev": []
}
